// !$*UTF8*$!
{
	archiveVersion = 1;
	classes = {
	};
	objectVersion = 56;
	objects = {

/* Begin PBXBuildFile section */
		DCD1A40B295C88CF00500F0E /* CodeLabsProApp.swift in Sources */ = {isa = PBXBuildFile; fileRef = DCD1A40A295C88CF00500F0E /* CodeLabsProApp.swift */; };
		DCD1A40D295C88CF00500F0E /* MeetingView.swift in Sources */ = {isa = PBXBuildFile; fileRef = DCD1A40C295C88CF00500F0E /* MeetingView.swift */; };
		DCD1A40F295C88D100500F0E /* Assets.xcassets in Resources */ = {isa = PBXBuildFile; fileRef = DCD1A40E295C88D100500F0E /* Assets.xcassets */; };
		DCD1A412295C88D100500F0E /* Preview Assets.xcassets in Resources */ = {isa = PBXBuildFile; fileRef = DCD1A411295C88D100500F0E /* Preview Assets.xcassets */; };
		DCD1A41C295CA6BD00500F0E /* DailyScrum.swift in Sources */ = {isa = PBXBuildFile; fileRef = DCD1A41B295CA6BD00500F0E /* DailyScrum.swift */; };
		DCD1A41E295CA73100500F0E /* CardView.swift in Sources */ = {isa = PBXBuildFile; fileRef = DCD1A41D295CA73100500F0E /* CardView.swift */; };
		DCD1A422295DA3BF00500F0E /* Theme.swift in Sources */ = {isa = PBXBuildFile; fileRef = DCD1A421295DA3BF00500F0E /* Theme.swift */; };
		DCD1A424295DA40C00500F0E /* TrailingIconLabelStyle.swift in Sources */ = {isa = PBXBuildFile; fileRef = DCD1A423295DA40C00500F0E /* TrailingIconLabelStyle.swift */; };
		DCD1A426295DDA2600500F0E /* ScrumsView.swift in Sources */ = {isa = PBXBuildFile; fileRef = DCD1A425295DDA2600500F0E /* ScrumsView.swift */; };
		DCD1A428295E2D8A00500F0E /* DetailView.swift in Sources */ = {isa = PBXBuildFile; fileRef = DCD1A427295E2D8A00500F0E /* DetailView.swift */; };
		DCD1A42C295EF10F00500F0E /* DetailEditView.swift in Sources */ = {isa = PBXBuildFile; fileRef = DCD1A42B295EF10F00500F0E /* DetailEditView.swift */; };
/* End PBXBuildFile section */

/* Begin PBXFileReference section */
		DCD1A407295C88CF00500F0E /* CodeLabsPro.app */ = {isa = PBXFileReference; explicitFileType = wrapper.application; includeInIndex = 0; path = CodeLabsPro.app; sourceTree = BUILT_PRODUCTS_DIR; };
		DCD1A40A295C88CF00500F0E /* CodeLabsProApp.swift */ = {isa = PBXFileReference; lastKnownFileType = sourcecode.swift; path = CodeLabsProApp.swift; sourceTree = "<group>"; };
		DCD1A40C295C88CF00500F0E /* MeetingView.swift */ = {isa = PBXFileReference; lastKnownFileType = sourcecode.swift; path = MeetingView.swift; sourceTree = "<group>"; };
		DCD1A40E295C88D100500F0E /* Assets.xcassets */ = {isa = PBXFileReference; lastKnownFileType = folder.assetcatalog; path = Assets.xcassets; sourceTree = "<group>"; };
		DCD1A411295C88D100500F0E /* Preview Assets.xcassets */ = {isa = PBXFileReference; lastKnownFileType = folder.assetcatalog; path = "Preview Assets.xcassets"; sourceTree = "<group>"; };
		DCD1A41B295CA6BD00500F0E /* DailyScrum.swift */ = {isa = PBXFileReference; lastKnownFileType = sourcecode.swift; path = DailyScrum.swift; sourceTree = "<group>"; };
		DCD1A41D295CA73100500F0E /* CardView.swift */ = {isa = PBXFileReference; lastKnownFileType = sourcecode.swift; path = CardView.swift; sourceTree = "<group>"; };
		DCD1A421295DA3BF00500F0E /* Theme.swift */ = {isa = PBXFileReference; lastKnownFileType = sourcecode.swift; path = Theme.swift; sourceTree = "<group>"; };
		DCD1A423295DA40C00500F0E /* TrailingIconLabelStyle.swift */ = {isa = PBXFileReference; lastKnownFileType = sourcecode.swift; path = TrailingIconLabelStyle.swift; sourceTree = "<group>"; };
		DCD1A425295DDA2600500F0E /* ScrumsView.swift */ = {isa = PBXFileReference; lastKnownFileType = sourcecode.swift; path = ScrumsView.swift; sourceTree = "<group>"; };
		DCD1A427295E2D8A00500F0E /* DetailView.swift */ = {isa = PBXFileReference; lastKnownFileType = sourcecode.swift; path = DetailView.swift; sourceTree = "<group>"; };
		DCD1A42B295EF10F00500F0E /* DetailEditView.swift */ = {isa = PBXFileReference; lastKnownFileType = sourcecode.swift; path = DetailEditView.swift; sourceTree = "<group>"; };
/* End PBXFileReference section */

/* Begin PBXFrameworksBuildPhase section */
		DCD1A404295C88CF00500F0E /* Frameworks */ = {
			isa = PBXFrameworksBuildPhase;
			buildActionMask = 2147483647;
			files = (
			);
			runOnlyForDeploymentPostprocessing = 0;
		};
/* End PBXFrameworksBuildPhase section */

/* Begin PBXGroup section */
		DCD1A3FE295C88CF00500F0E = {
			isa = PBXGroup;
			children = (
				DCD1A409295C88CF00500F0E /* CodeLabsPro */,
				DCD1A408295C88CF00500F0E /* Products */,
			);
			sourceTree = "<group>";
		};
		DCD1A408295C88CF00500F0E /* Products */ = {
			isa = PBXGroup;
			children = (
				DCD1A407295C88CF00500F0E /* CodeLabsPro.app */,
			);
			name = Products;
			sourceTree = "<group>";
		};
		DCD1A409295C88CF00500F0E /* CodeLabsPro */ = {
			isa = PBXGroup;
			children = (
				DCD1A418295CA57200500F0E /* Models */,
				DCD1A40A295C88CF00500F0E /* CodeLabsProApp.swift */,
				DCD1A41D295CA73100500F0E /* CardView.swift */,
				DCD1A40C295C88CF00500F0E /* MeetingView.swift */,
				DCD1A425295DDA2600500F0E /* ScrumsView.swift */,
				DCD1A427295E2D8A00500F0E /* DetailView.swift */,
				DCD1A42B295EF10F00500F0E /* DetailEditView.swift */,
				DCD1A423295DA40C00500F0E /* TrailingIconLabelStyle.swift */,
				DCD1A40E295C88D100500F0E /* Assets.xcassets */,
				DCD1A410295C88D100500F0E /* Preview Content */,
			);
			path = CodeLabsPro;
			sourceTree = "<group>";
		};
		DCD1A410295C88D100500F0E /* Preview Content */ = {
			isa = PBXGroup;
			children = (
				DCD1A411295C88D100500F0E /* Preview Assets.xcassets */,
			);
			path = "Preview Content";
			sourceTree = "<group>";
		};
		DCD1A418295CA57200500F0E /* Models */ = {
			isa = PBXGroup;
			children = (
				DCD1A421295DA3BF00500F0E /* Theme.swift */,
				DCD1A41B295CA6BD00500F0E /* DailyScrum.swift */,
			);
			path = Models;
			sourceTree = "<group>";
		};
/* End PBXGroup section */

/* Begin PBXNativeTarget section */
		DCD1A406295C88CF00500F0E /* CodeLabsPro */ = {
			isa = PBXNativeTarget;
			buildConfigurationList = DCD1A415295C88D100500F0E /* Build configuration list for PBXNativeTarget "CodeLabsPro" */;
			buildPhases = (
				DCD1A403295C88CF00500F0E /* Sources */,
				DCD1A404295C88CF00500F0E /* Frameworks */,
				DCD1A405295C88CF00500F0E /* Resources */,
			);
			buildRules = (
			);
			dependencies = (
			);
			name = CodeLabsPro;
			productName = CodeLabsPro;
			productReference = DCD1A407295C88CF00500F0E /* CodeLabsPro.app */;
			productType = "com.apple.product-type.application";
		};
/* End PBXNativeTarget section */

/* Begin PBXProject section */
		DCD1A3FF295C88CF00500F0E /* Project object */ = {
			isa = PBXProject;
			attributes = {
				BuildIndependentTargetsInParallel = 1;
				LastSwiftUpdateCheck = 1420;
				LastUpgradeCheck = 1420;
				TargetAttributes = {
					DCD1A406295C88CF00500F0E = {
						CreatedOnToolsVersion = 14.2;
					};
				};
			};
			buildConfigurationList = DCD1A402295C88CF00500F0E /* Build configuration list for PBXProject "CodeLabsPro" */;
			compatibilityVersion = "Xcode 14.0";
			developmentRegion = en;
			hasScannedForEncodings = 0;
			knownRegions = (
				en,
				Base,
			);
			mainGroup = DCD1A3FE295C88CF00500F0E;
			productRefGroup = DCD1A408295C88CF00500F0E /* Products */;
			projectDirPath = "";
			projectRoot = "";
			targets = (
				DCD1A406295C88CF00500F0E /* CodeLabsPro */,
			);
		};
/* End PBXProject section */

/* Begin PBXResourcesBuildPhase section */
		DCD1A405295C88CF00500F0E /* Resources */ = {
			isa = PBXResourcesBuildPhase;
			buildActionMask = 2147483647;
			files = (
				DCD1A412295C88D100500F0E /* Preview Assets.xcassets in Resources */,
				DCD1A40F295C88D100500F0E /* Assets.xcassets in Resources */,
			);
			runOnlyForDeploymentPostprocessing = 0;
		};
/* End PBXResourcesBuildPhase section */

/* Begin PBXSourcesBuildPhase section */
		DCD1A403295C88CF00500F0E /* Sources */ = {
			isa = PBXSourcesBuildPhase;
			buildActionMask = 2147483647;
			files = (
				DCD1A41C295CA6BD00500F0E /* DailyScrum.swift in Sources */,
				DCD1A428295E2D8A00500F0E /* DetailView.swift in Sources */,
				DCD1A42C295EF10F00500F0E /* DetailEditView.swift in Sources */,
				DCD1A424295DA40C00500F0E /* TrailingIconLabelStyle.swift in Sources */,
				DCD1A40D295C88CF00500F0E /* MeetingView.swift in Sources */,
				DCD1A426295DDA2600500F0E /* ScrumsView.swift in Sources */,
				DCD1A422295DA3BF00500F0E /* Theme.swift in Sources */,
				DCD1A40B295C88CF00500F0E /* CodeLabsProApp.swift in Sources */,
				DCD1A41E295CA73100500F0E /* CardView.swift in Sources */,
			);
			runOnlyForDeploymentPostprocessing = 0;
		};
/* End PBXSourcesBuildPhase section */

/* Begin XCBuildConfiguration section */
		DCD1A413295C88D100500F0E /* Debug */ = {
			isa = XCBuildConfiguration;
			buildSettings = {
				ALWAYS_SEARCH_USER_PATHS = NO;
				CLANG_ANALYZER_NONNULL = YES;
				CLANG_ANALYZER_NUMBER_OBJECT_CONVERSION = YES_AGGRESSIVE;
				CLANG_CXX_LANGUAGE_STANDARD = "gnu++20";
				CLANG_ENABLE_MODULES = YES;
				CLANG_ENABLE_OBJC_ARC = YES;
				CLANG_ENABLE_OBJC_WEAK = YES;
				CLANG_WARN_BLOCK_CAPTURE_AUTORELEASING = YES;
				CLANG_WARN_BOOL_CONVERSION = YES;
				CLANG_WARN_COMMA = YES;
				CLANG_WARN_CONSTANT_CONVERSION = YES;
				CLANG_WARN_DEPRECATED_OBJC_IMPLEMENTATIONS = YES;
				CLANG_WARN_DIRECT_OBJC_ISA_USAGE = YES_ERROR;
				CLANG_WARN_DOCUMENTATION_COMMENTS = YES;
				CLANG_WARN_EMPTY_BODY = YES;
				CLANG_WARN_ENUM_CONVERSION = YES;
				CLANG_WARN_INFINITE_RECURSION = YES;
				CLANG_WARN_INT_CONVERSION = YES;
				CLANG_WARN_NON_LITERAL_NULL_CONVERSION = YES;
				CLANG_WARN_OBJC_IMPLICIT_RETAIN_SELF = YES;
				CLANG_WARN_OBJC_LITERAL_CONVERSION = YES;
				CLANG_WARN_OBJC_ROOT_CLASS = YES_ERROR;
				CLANG_WARN_QUOTED_INCLUDE_IN_FRAMEWORK_HEADER = YES;
				CLANG_WARN_RANGE_LOOP_ANALYSIS = YES;
				CLANG_WARN_STRICT_PROTOTYPES = YES;
				CLANG_WARN_SUSPICIOUS_MOVE = YES;
				CLANG_WARN_UNGUARDED_AVAILABILITY = YES_AGGRESSIVE;
				CLANG_WARN_UNREACHABLE_CODE = YES;
				CLANG_WARN__DUPLICATE_METHOD_MATCH = YES;
				COPY_PHASE_STRIP = NO;
				DEBUG_INFORMATION_FORMAT = dwarf;
				ENABLE_STRICT_OBJC_MSGSEND = YES;
				ENABLE_TESTABILITY = YES;
				GCC_C_LANGUAGE_STANDARD = gnu11;
				GCC_DYNAMIC_NO_PIC = NO;
				GCC_NO_COMMON_BLOCKS = YES;
				GCC_OPTIMIZATION_LEVEL = 0;
				GCC_PREPROCESSOR_DEFINITIONS = (
					"DEBUG=1",
					"$(inherited)",
				);
				GCC_WARN_64_TO_32_BIT_CONVERSION = YES;
				GCC_WARN_ABOUT_RETURN_TYPE = YES_ERROR;
				GCC_WARN_UNDECLARED_SELECTOR = YES;
				GCC_WARN_UNINITIALIZED_AUTOS = YES_AGGRESSIVE;
				GCC_WARN_UNUSED_FUNCTION = YES;
				GCC_WARN_UNUSED_VARIABLE = YES;
				IPHONEOS_DEPLOYMENT_TARGET = 16.2;
				MTL_ENABLE_DEBUG_INFO = INCLUDE_SOURCE;
				MTL_FAST_MATH = YES;
				ONLY_ACTIVE_ARCH = YES;
				SDKROOT = iphoneos;
				SWIFT_ACTIVE_COMPILATION_CONDITIONS = DEBUG;
				SWIFT_OPTIMIZATION_LEVEL = "-Onone";
			};
			name = Debug;
		};
		DCD1A414295C88D100500F0E /* Release */ = {
			isa = XCBuildConfiguration;
			buildSettings = {
				ALWAYS_SEARCH_USER_PATHS = NO;
				CLANG_ANALYZER_NONNULL = YES;
				CLANG_ANALYZER_NUMBER_OBJECT_CONVERSION = YES_AGGRESSIVE;
				CLANG_CXX_LANGUAGE_STANDARD = "gnu++20";
				CLANG_ENABLE_MODULES = YES;
				CLANG_ENABLE_OBJC_ARC = YES;
				CLANG_ENABLE_OBJC_WEAK = YES;
				CLANG_WARN_BLOCK_CAPTURE_AUTORELEASING = YES;
				CLANG_WARN_BOOL_CONVERSION = YES;
				CLANG_WARN_COMMA = YES;
				CLANG_WARN_CONSTANT_CONVERSION = YES;
				CLANG_WARN_DEPRECATED_OBJC_IMPLEMENTATIONS = YES;
				CLANG_WARN_DIRECT_OBJC_ISA_USAGE = YES_ERROR;
				CLANG_WARN_DOCUMENTATION_COMMENTS = YES;
				CLANG_WARN_EMPTY_BODY = YES;
				CLANG_WARN_ENUM_CONVERSION = YES;
				CLANG_WARN_INFINITE_RECURSION = YES;
				CLANG_WARN_INT_CONVERSION = YES;
				CLANG_WARN_NON_LITERAL_NULL_CONVERSION = YES;
				CLANG_WARN_OBJC_IMPLICIT_RETAIN_SELF = YES;
				CLANG_WARN_OBJC_LITERAL_CONVERSION = YES;
				CLANG_WARN_OBJC_ROOT_CLASS = YES_ERROR;
				CLANG_WARN_QUOTED_INCLUDE_IN_FRAMEWORK_HEADER = YES;
				CLANG_WARN_RANGE_LOOP_ANALYSIS = YES;
				CLANG_WARN_STRICT_PROTOTYPES = YES;
				CLANG_WARN_SUSPICIOUS_MOVE = YES;
				CLANG_WARN_UNGUARDED_AVAILABILITY = YES_AGGRESSIVE;
				CLANG_WARN_UNREACHABLE_CODE = YES;
				CLANG_WARN__DUPLICATE_METHOD_MATCH = YES;
				COPY_PHASE_STRIP = NO;
				DEBUG_INFORMATION_FORMAT = "dwarf-with-dsym";
				ENABLE_NS_ASSERTIONS = NO;
				ENABLE_STRICT_OBJC_MSGSEND = YES;
				GCC_C_LANGUAGE_STANDARD = gnu11;
				GCC_NO_COMMON_BLOCKS = YES;
				GCC_WARN_64_TO_32_BIT_CONVERSION = YES;
				GCC_WARN_ABOUT_RETURN_TYPE = YES_ERROR;
				GCC_WARN_UNDECLARED_SELECTOR = YES;
				GCC_WARN_UNINITIALIZED_AUTOS = YES_AGGRESSIVE;
				GCC_WARN_UNUSED_FUNCTION = YES;
				GCC_WARN_UNUSED_VARIABLE = YES;
				IPHONEOS_DEPLOYMENT_TARGET = 16.2;
				MTL_ENABLE_DEBUG_INFO = NO;
				MTL_FAST_MATH = YES;
				SDKROOT = iphoneos;
				SWIFT_COMPILATION_MODE = wholemodule;
				SWIFT_OPTIMIZATION_LEVEL = "-O";
				VALIDATE_PRODUCT = YES;
			};
			name = Release;
		};
		DCD1A416295C88D100500F0E /* Debug */ = {
			isa = XCBuildConfiguration;
			buildSettings = {
				ASSETCATALOG_COMPILER_APPICON_NAME = AppIcon;
				ASSETCATALOG_COMPILER_GLOBAL_ACCENT_COLOR_NAME = AccentColor;
				CODE_SIGN_STYLE = Automatic;
				CURRENT_PROJECT_VERSION = 1;
				DEVELOPMENT_ASSET_PATHS = "\"CodeLabsPro/Preview Content\"";
				DEVELOPMENT_TEAM = G7Y435RZV6;
				ENABLE_PREVIEWS = YES;
				GENERATE_INFOPLIST_FILE = YES;
				INFOPLIST_KEY_UIApplicationSceneManifest_Generation = YES;
				INFOPLIST_KEY_UIApplicationSupportsIndirectInputEvents = YES;
				INFOPLIST_KEY_UILaunchScreen_Generation = YES;
				INFOPLIST_KEY_UISupportedInterfaceOrientations_iPad = "UIInterfaceOrientationPortrait UIInterfaceOrientationPortraitUpsideDown UIInterfaceOrientationLandscapeLeft UIInterfaceOrientationLandscapeRight";
				INFOPLIST_KEY_UISupportedInterfaceOrientations_iPhone = "UIInterfaceOrientationPortrait UIInterfaceOrientationLandscapeLeft UIInterfaceOrientationLandscapeRight";
				LD_RUNPATH_SEARCH_PATHS = (
					"$(inherited)",
					"@executable_path/Frameworks",
				);
				MARKETING_VERSION = 1.0;
				PRODUCT_BUNDLE_IDENTIFIER = com.codelabspro.CodeLabsPro;
				PRODUCT_NAME = "$(TARGET_NAME)";
				SWIFT_EMIT_LOC_STRINGS = YES;
				SWIFT_VERSION = 5.0;
				TARGETED_DEVICE_FAMILY = "1,2";
			};
			name = Debug;
		};
		DCD1A417295C88D100500F0E /* Release */ = {
			isa = XCBuildConfiguration;
			buildSettings = {
				ASSETCATALOG_COMPILER_APPICON_NAME = AppIcon;
				ASSETCATALOG_COMPILER_GLOBAL_ACCENT_COLOR_NAME = AccentColor;
				CODE_SIGN_STYLE = Automatic;
				CURRENT_PROJECT_VERSION = 1;
				DEVELOPMENT_ASSET_PATHS = "\"CodeLabsPro/Preview Content\"";
				DEVELOPMENT_TEAM = G7Y435RZV6;
				ENABLE_PREVIEWS = YES;
				GENERATE_INFOPLIST_FILE = YES;
				INFOPLIST_KEY_UIApplicationSceneManifest_Generation = YES;
				INFOPLIST_KEY_UIApplicationSupportsIndirectInputEvents = YES;
				INFOPLIST_KEY_UILaunchScreen_Generation = YES;
				INFOPLIST_KEY_UISupportedInterfaceOrientations_iPad = "UIInterfaceOrientationPortrait UIInterfaceOrientationPortraitUpsideDown UIInterfaceOrientationLandscapeLeft UIInterfaceOrientationLandscapeRight";
				INFOPLIST_KEY_UISupportedInterfaceOrientations_iPhone = "UIInterfaceOrientationPortrait UIInterfaceOrientationLandscapeLeft UIInterfaceOrientationLandscapeRight";
				LD_RUNPATH_SEARCH_PATHS = (
					"$(inherited)",
					"@executable_path/Frameworks",
				);
				MARKETING_VERSION = 1.0;
				PRODUCT_BUNDLE_IDENTIFIER = com.codelabspro.CodeLabsPro;
				PRODUCT_NAME = "$(TARGET_NAME)";
				SWIFT_EMIT_LOC_STRINGS = YES;
				SWIFT_VERSION = 5.0;
				TARGETED_DEVICE_FAMILY = "1,2";
			};
			name = Release;
		};
/* End XCBuildConfiguration section */

/* Begin XCConfigurationList section */
		DCD1A402295C88CF00500F0E /* Build configuration list for PBXProject "CodeLabsPro" */ = {
			isa = XCConfigurationList;
			buildConfigurations = (
				DCD1A413295C88D100500F0E /* Debug */,
				DCD1A414295C88D100500F0E /* Release */,
			);
			defaultConfigurationIsVisible = 0;
			defaultConfigurationName = Release;
		};
		DCD1A415295C88D100500F0E /* Build configuration list for PBXNativeTarget "CodeLabsPro" */ = {
			isa = XCConfigurationList;
			buildConfigurations = (
				DCD1A416295C88D100500F0E /* Debug */,
				DCD1A417295C88D100500F0E /* Release */,
			);
			defaultConfigurationIsVisible = 0;
			defaultConfigurationName = Release;
		};
/* End XCConfigurationList section */
	};
	rootObject = DCD1A3FF295C88CF00500F0E /* Project object */;
}
